
Microsoft Visual Studio Solution File, Format Version 12.00
# Visual Studio 14
VisualStudioVersion = 14.0.25420.1
MinimumVisualStudioVersion = 10.0.40219.1
Project("{2150E333-8FDC-42A3-9474-1A3956D46DE8}") = "AcknowledgementsTracker.Core", "AcknowledgementsTracker.Core", "{839C1105-1A5A-4C96-992D-8B90DDE3E42B}"
EndProject
Project("{FAE04EC0-301F-11D3-BF4B-00C04F79EFBC}") = "AcknowledgementsTracker.Model", "AcknowledgementsTracker.Model\AcknowledgementsTracker.Model.csproj", "{9A4EB5C6-E503-482C-9446-86E19B52D17F}"
EndProject
Project("{FAE04EC0-301F-11D3-BF4B-00C04F79EFBC}") = "AcknowledgementsTracker.DataAccess", "AcknowledgementsTracker.DataAccess\AcknowledgementsTracker.DataAccess.csproj", "{EE711C4F-DC1C-477E-839B-FEA5CC422283}"
EndProject
Project("{2150E333-8FDC-42A3-9474-1A3956D46DE8}") = "AcknowledgementsTracker.Client", "AcknowledgementsTracker.Client", "{89E847A8-281C-4A1B-A778-7F375018946F}"
EndProject
Project("{FAE04EC0-301F-11D3-BF4B-00C04F79EFBC}") = "ConsoleApplication", "ConsoleApplication\ConsoleApplication.csproj", "{F37E4E49-B0DB-4BBC-97A1-A7BFB9352E58}"
EndProject
Project("{FAE04EC0-301F-11D3-BF4B-00C04F79EFBC}") = "AcknowledgementsTracker.Business", "AcknowledgementsTracker.Business\AcknowledgementsTracker.Business.csproj", "{B7CBB0B4-2F0E-486E-85AB-1303D055B016}"
EndProject
Global
	GlobalSection(SolutionConfigurationPlatforms) = preSolution
		Debug|Any CPU = Debug|Any CPU
		Release|Any CPU = Release|Any CPU
	EndGlobalSection
	GlobalSection(ProjectConfigurationPlatforms) = postSolution
		{9A4EB5C6-E503-482C-9446-86E19B52D17F}.Debug|Any CPU.ActiveCfg = Debug|Any CPU
		{9A4EB5C6-E503-482C-9446-86E19B52D17F}.Debug|Any CPU.Build.0 = Debug|Any CPU
		{9A4EB5C6-E503-482C-9446-86E19B52D17F}.Release|Any CPU.ActiveCfg = Release|Any CPU
		{9A4EB5C6-E503-482C-9446-86E19B52D17F}.Release|Any CPU.Build.0 = Release|Any CPU
		{EE711C4F-DC1C-477E-839B-FEA5CC422283}.Debug|Any CPU.ActiveCfg = Debug|Any CPU
		{EE711C4F-DC1C-477E-839B-FEA5CC422283}.Debug|Any CPU.Build.0 = Debug|Any CPU
		{EE711C4F-DC1C-477E-839B-FEA5CC422283}.Release|Any CPU.ActiveCfg = Release|Any CPU
		{EE711C4F-DC1C-477E-839B-FEA5CC422283}.Release|Any CPU.Build.0 = Release|Any CPU
		{F37E4E49-B0DB-4BBC-97A1-A7BFB9352E58}.Debug|Any CPU.ActiveCfg = Debug|Any CPU
		{F37E4E49-B0DB-4BBC-97A1-A7BFB9352E58}.Debug|Any CPU.Build.0 = Debug|Any CPU
		{F37E4E49-B0DB-4BBC-97A1-A7BFB9352E58}.Release|Any CPU.ActiveCfg = Release|Any CPU
		{F37E4E49-B0DB-4BBC-97A1-A7BFB9352E58}.Release|Any CPU.Build.0 = Release|Any CPU
		{B7CBB0B4-2F0E-486E-85AB-1303D055B016}.Debug|Any CPU.ActiveCfg = Debug|Any CPU
		{B7CBB0B4-2F0E-486E-85AB-1303D055B016}.Debug|Any CPU.Build.0 = Debug|Any CPU
		{B7CBB0B4-2F0E-486E-85AB-1303D055B016}.Release|Any CPU.ActiveCfg = Release|Any CPU
		{B7CBB0B4-2F0E-486E-85AB-1303D055B016}.Release|Any CPU.Build.0 = Release|Any CPU
	EndGlobalSection
	GlobalSection(SolutionProperties) = preSolution
		HideSolutionNode = FALSE
	EndGlobalSection
	GlobalSection(NestedProjects) = preSolution
		{9A4EB5C6-E503-482C-9446-86E19B52D17F} = {839C1105-1A5A-4C96-992D-8B90DDE3E42B}
		{EE711C4F-DC1C-477E-839B-FEA5CC422283} = {839C1105-1A5A-4C96-992D-8B90DDE3E42B}
		{F37E4E49-B0DB-4BBC-97A1-A7BFB9352E58} = {89E847A8-281C-4A1B-A778-7F375018946F}
		{B7CBB0B4-2F0E-486E-85AB-1303D055B016} = {839C1105-1A5A-4C96-992D-8B90DDE3E42B}
	EndGlobalSection
EndGlobal
